
Microsoft Visual Studio Solution File, Format Version 12.00
# Visual Studio Version 16
VisualStudioVersion = 16.0.29001.49
MinimumVisualStudioVersion = 10.0.40219.1
Project("{FAE04EC0-301F-11D3-BF4B-00C04F79EFBC}") = "Game.Hotfix", "Game.Hotfix.csproj", "{737F11BF-03FD-4083-9C31-9F90428978A1}"
EndProject
Global
	GlobalSection(SolutionConfigurationPlatforms) = preSolution
		Debug|Any CPU = Debug|Any CPU
		Release|Any CPU = Release|Any CPU
	EndGlobalSection
	GlobalSection(ProjectConfigurationPlatforms) = postSolution
		{737F11BF-03FD-4083-9C31-9F90428978A1}.Debug|Any CPU.ActiveCfg = Debug|Any CPU
		{737F11BF-03FD-4083-9C31-9F90428978A1}.Debug|Any CPU.Build.0 = Debug|Any CPU
		{737F11BF-03FD-4083-9C31-9F90428978A1}.Release|Any CPU.ActiveCfg = Release|Any CPU
		{737F11BF-03FD-4083-9C31-9F90428978A1}.Release|Any CPU.Build.0 = Release|Any CPU
	EndGlobalSection
	GlobalSection(SolutionProperties) = preSolution
		HideSolutionNode = FALSE
	EndGlobalSection
	GlobalSection(ExtensibilityGlobals) = postSolution
		SolutionGuid = {C2A59C1F-8E9F-42DE-B087-BD69C417F030}
	EndGlobalSection
EndGlobal
